
Microsoft Visual Studio Solution File, Format Version 12.00
# Visual Studio Version 17
VisualStudioVersion = 17.8.34322.80
MinimumVisualStudioVersion = 10.0.40219.1
Project("{FAE04EC0-301F-11D3-BF4B-00C04F79EFBC}") = "MaterialTest", "MaterialTest\MaterialTest\MaterialTest.csproj", "{F0E525D8-D351-4A7D-82FB-A22C3694A5C6}"
EndProject
Project("{FAE04EC0-301F-11D3-BF4B-00C04F79EFBC}") = "MaterialTest.Client", "MaterialTest\MaterialTest.Client\MaterialTest.Client.csproj", "{0FC1AB03-1939-4EB0-AAD9-8F8EB2CA7115}"
EndProject
Global
	GlobalSection(SolutionConfigurationPlatforms) = preSolution
		Debug|Any CPU = Debug|Any CPU
		Release|Any CPU = Release|Any CPU
	EndGlobalSection
	GlobalSection(ProjectConfigurationPlatforms) = postSolution
		{F0E525D8-D351-4A7D-82FB-A22C3694A5C6}.Debug|Any CPU.ActiveCfg = Debug|Any CPU
		{F0E525D8-D351-4A7D-82FB-A22C3694A5C6}.Debug|Any CPU.Build.0 = Debug|Any CPU
		{F0E525D8-D351-4A7D-82FB-A22C3694A5C6}.Release|Any CPU.ActiveCfg = Release|Any CPU
		{F0E525D8-D351-4A7D-82FB-A22C3694A5C6}.Release|Any CPU.Build.0 = Release|Any CPU
		{0FC1AB03-1939-4EB0-AAD9-8F8EB2CA7115}.Debug|Any CPU.ActiveCfg = Debug|Any CPU
		{0FC1AB03-1939-4EB0-AAD9-8F8EB2CA7115}.Debug|Any CPU.Build.0 = Debug|Any CPU
		{0FC1AB03-1939-4EB0-AAD9-8F8EB2CA7115}.Release|Any CPU.ActiveCfg = Release|Any CPU
		{0FC1AB03-1939-4EB0-AAD9-8F8EB2CA7115}.Release|Any CPU.Build.0 = Release|Any CPU
	EndGlobalSection
	GlobalSection(SolutionProperties) = preSolution
		HideSolutionNode = FALSE
	EndGlobalSection
	GlobalSection(ExtensibilityGlobals) = postSolution
		SolutionGuid = {74C0FCD4-0445-4706-8DF2-7377166C5CB6}
	EndGlobalSection
EndGlobal
